
Microsoft Visual Studio Solution File, Format Version 12.00
# Visual Studio 15
VisualStudioVersion = 15.0.28010.2048
MinimumVisualStudioVersion = 10.0.40219.1
Project("{FAE04EC0-301F-11D3-BF4B-00C04F79EFBC}") = "easy_Poker", "easy_Poker\easy_Poker.csproj", "{173D3835-18A6-4C4D-A55A-8469DED9C520}"
EndProject
Project("{FAE04EC0-301F-11D3-BF4B-00C04F79EFBC}") = "ClassLibrary1", "ClassLibrary1\ClassLibrary1.csproj", "{BEBA4586-3D32-4C43-9322-504E32D68ED3}"
EndProject
Global
	GlobalSection(SolutionConfigurationPlatforms) = preSolution
		Debug|Any CPU = Debug|Any CPU
		Release|Any CPU = Release|Any CPU
	EndGlobalSection
	GlobalSection(ProjectConfigurationPlatforms) = postSolution
		{173D3835-18A6-4C4D-A55A-8469DED9C520}.Debug|Any CPU.ActiveCfg = Debug|Any CPU
		{173D3835-18A6-4C4D-A55A-8469DED9C520}.Debug|Any CPU.Build.0 = Debug|Any CPU
		{173D3835-18A6-4C4D-A55A-8469DED9C520}.Release|Any CPU.ActiveCfg = Release|Any CPU
		{173D3835-18A6-4C4D-A55A-8469DED9C520}.Release|Any CPU.Build.0 = Release|Any CPU
		{BEBA4586-3D32-4C43-9322-504E32D68ED3}.Debug|Any CPU.ActiveCfg = Debug|Any CPU
		{BEBA4586-3D32-4C43-9322-504E32D68ED3}.Debug|Any CPU.Build.0 = Debug|Any CPU
		{BEBA4586-3D32-4C43-9322-504E32D68ED3}.Release|Any CPU.ActiveCfg = Release|Any CPU
		{BEBA4586-3D32-4C43-9322-504E32D68ED3}.Release|Any CPU.Build.0 = Release|Any CPU
	EndGlobalSection
	GlobalSection(SolutionProperties) = preSolution
		HideSolutionNode = FALSE
	EndGlobalSection
	GlobalSection(ExtensibilityGlobals) = postSolution
		SolutionGuid = {ED757124-99DF-4D3A-A6E6-9CEC44683EC6}
	EndGlobalSection
EndGlobal
